
Microsoft Visual Studio Solution File, Format Version 12.00
# Visual Studio Version 17
VisualStudioVersion = 17.10.35004.147
MinimumVisualStudioVersion = 10.0.40219.1
Project("{FAE04EC0-301F-11D3-BF4B-00C04F79EFBC}") = "ConsoleWork", "ConsoleWork\ConsoleWork.csproj", "{91D0E8C3-B405-49F2-9A99-E6AEA57FCFC9}"
EndProject
Global
	GlobalSection(SolutionConfigurationPlatforms) = preSolution
		Debug|Any CPU = Debug|Any CPU
		Release|Any CPU = Release|Any CPU
	EndGlobalSection
	GlobalSection(ProjectConfigurationPlatforms) = postSolution
		{91D0E8C3-B405-49F2-9A99-E6AEA57FCFC9}.Debug|Any CPU.ActiveCfg = Debug|Any CPU
		{91D0E8C3-B405-49F2-9A99-E6AEA57FCFC9}.Debug|Any CPU.Build.0 = Debug|Any CPU
		{91D0E8C3-B405-49F2-9A99-E6AEA57FCFC9}.Release|Any CPU.ActiveCfg = Release|Any CPU
		{91D0E8C3-B405-49F2-9A99-E6AEA57FCFC9}.Release|Any CPU.Build.0 = Release|Any CPU
	EndGlobalSection
	GlobalSection(SolutionProperties) = preSolution
		HideSolutionNode = FALSE
	EndGlobalSection
	GlobalSection(ExtensibilityGlobals) = postSolution
		SolutionGuid = {4D535427-50F5-4373-A89E-3BABD9C3271B}
	EndGlobalSection
	GlobalSection(NestedProjects) = preSolution
	EndGlobalSection
EndGlobal
